
Microsoft Visual Studio Solution File, Format Version 12.00
# Visual Studio Version 17
VisualStudioVersion = 17.4.33403.182
MinimumVisualStudioVersion = 10.0.40219.1
Project("{9A19103F-16F7-4668-BE54-9A1E7A4F7556}") = "Modul 3.2.4", "Modul 3.2.4\Modul 3.2.4.csproj", "{4CCBA747-6085-4CA0-A094-201B71DE7223}"
EndProject
Project("{9A19103F-16F7-4668-BE54-9A1E7A4F7556}") = "Enum", "Enum\Enum.csproj", "{8B44AD0C-3D71-4D09-8FB1-8D5EC08F2F14}"
EndProject
Project("{9A19103F-16F7-4668-BE54-9A1E7A4F7556}") = "Modul 3.7.4", "Modul 3.7.4\Modul 3.7.4.csproj", "{CCC0D878-256F-431E-8003-F86B36012C5F}"
EndProject
Project("{9A19103F-16F7-4668-BE54-9A1E7A4F7556}") = "Modul 4", "Modul 4\Modul 4.csproj", "{F4067999-4155-48BF-ABD1-B7EBE3B517DD}"
EndProject
Project("{9A19103F-16F7-4668-BE54-9A1E7A4F7556}") = "Modul 5", "Modul 5\Modul 5.csproj", "{0AF14AB9-A4C8-46E2-A3EF-4C1B7B194370}"
EndProject
Project("{FAE04EC0-301F-11D3-BF4B-00C04F79EFBC}") = "Modul 6", "Modul 6\Modul 6.csproj", "{681EE362-EC4E-4F2F-92BB-B45CFAB44B2B}"
EndProject
Global
	GlobalSection(SolutionConfigurationPlatforms) = preSolution
		Debug|Any CPU = Debug|Any CPU
		Release|Any CPU = Release|Any CPU
	EndGlobalSection
	GlobalSection(ProjectConfigurationPlatforms) = postSolution
		{4CCBA747-6085-4CA0-A094-201B71DE7223}.Debug|Any CPU.ActiveCfg = Debug|Any CPU
		{4CCBA747-6085-4CA0-A094-201B71DE7223}.Debug|Any CPU.Build.0 = Debug|Any CPU
		{4CCBA747-6085-4CA0-A094-201B71DE7223}.Release|Any CPU.ActiveCfg = Release|Any CPU
		{4CCBA747-6085-4CA0-A094-201B71DE7223}.Release|Any CPU.Build.0 = Release|Any CPU
		{8B44AD0C-3D71-4D09-8FB1-8D5EC08F2F14}.Debug|Any CPU.ActiveCfg = Debug|Any CPU
		{8B44AD0C-3D71-4D09-8FB1-8D5EC08F2F14}.Debug|Any CPU.Build.0 = Debug|Any CPU
		{8B44AD0C-3D71-4D09-8FB1-8D5EC08F2F14}.Release|Any CPU.ActiveCfg = Release|Any CPU
		{8B44AD0C-3D71-4D09-8FB1-8D5EC08F2F14}.Release|Any CPU.Build.0 = Release|Any CPU
		{CCC0D878-256F-431E-8003-F86B36012C5F}.Debug|Any CPU.ActiveCfg = Debug|Any CPU
		{CCC0D878-256F-431E-8003-F86B36012C5F}.Debug|Any CPU.Build.0 = Debug|Any CPU
		{CCC0D878-256F-431E-8003-F86B36012C5F}.Release|Any CPU.ActiveCfg = Release|Any CPU
		{CCC0D878-256F-431E-8003-F86B36012C5F}.Release|Any CPU.Build.0 = Release|Any CPU
		{F4067999-4155-48BF-ABD1-B7EBE3B517DD}.Debug|Any CPU.ActiveCfg = Debug|Any CPU
		{F4067999-4155-48BF-ABD1-B7EBE3B517DD}.Debug|Any CPU.Build.0 = Debug|Any CPU
		{F4067999-4155-48BF-ABD1-B7EBE3B517DD}.Release|Any CPU.ActiveCfg = Release|Any CPU
		{F4067999-4155-48BF-ABD1-B7EBE3B517DD}.Release|Any CPU.Build.0 = Release|Any CPU
		{0AF14AB9-A4C8-46E2-A3EF-4C1B7B194370}.Debug|Any CPU.ActiveCfg = Debug|Any CPU
		{0AF14AB9-A4C8-46E2-A3EF-4C1B7B194370}.Debug|Any CPU.Build.0 = Debug|Any CPU
		{0AF14AB9-A4C8-46E2-A3EF-4C1B7B194370}.Release|Any CPU.ActiveCfg = Release|Any CPU
		{0AF14AB9-A4C8-46E2-A3EF-4C1B7B194370}.Release|Any CPU.Build.0 = Release|Any CPU
		{681EE362-EC4E-4F2F-92BB-B45CFAB44B2B}.Debug|Any CPU.ActiveCfg = Debug|Any CPU
		{681EE362-EC4E-4F2F-92BB-B45CFAB44B2B}.Debug|Any CPU.Build.0 = Debug|Any CPU
		{681EE362-EC4E-4F2F-92BB-B45CFAB44B2B}.Release|Any CPU.ActiveCfg = Release|Any CPU
		{681EE362-EC4E-4F2F-92BB-B45CFAB44B2B}.Release|Any CPU.Build.0 = Release|Any CPU
	EndGlobalSection
	GlobalSection(SolutionProperties) = preSolution
		HideSolutionNode = FALSE
	EndGlobalSection
	GlobalSection(ExtensibilityGlobals) = postSolution
		SolutionGuid = {D2DEA57C-FD6C-4966-8113-5FF92895C6F8}
	EndGlobalSection
EndGlobal
